
Microsoft Visual Studio Solution File, Format Version 12.00
# Visual Studio Version 17
VisualStudioVersion = 17.14.36623.8 d17.14
MinimumVisualStudioVersion = 10.0.40219.1
Project("{FAE04EC0-301F-11D3-BF4B-00C04F79EFBC}") = "TripleG3.Blazor.Components.PowerBuilder", "src\TripleG3.Blazor.Components.PowerBuilder.csproj", "{FFAD9D41-2C7A-C1CB-6D92-8EFFCE5EF25F}"
EndProject
Project("{FAE04EC0-301F-11D3-BF4B-00C04F79EFBC}") = "TripleG3.Blazor.Components.PowerBuilder.Tests", "tests\TripleG3.Blazor.Components.PowerBuilder.Tests.csproj", "{0EF0BBC6-CF8E-7464-EFB0-0682AAFEF44F}"
EndProject
Project("{FAE04EC0-301F-11D3-BF4B-00C04F79EFBC}") = "Sandbox.Blazor", "sandbox\Sandbox.Blazor.csproj", "{187CBDCA-0973-53B7-A31F-7D2832D3B1C6}"
EndProject
Global
	GlobalSection(SolutionConfigurationPlatforms) = preSolution
		Debug|Any CPU = Debug|Any CPU
		Release|Any CPU = Release|Any CPU
	EndGlobalSection
	GlobalSection(ProjectConfigurationPlatforms) = postSolution
		{FFAD9D41-2C7A-C1CB-6D92-8EFFCE5EF25F}.Debug|Any CPU.ActiveCfg = Debug|Any CPU
		{FFAD9D41-2C7A-C1CB-6D92-8EFFCE5EF25F}.Debug|Any CPU.Build.0 = Debug|Any CPU
		{FFAD9D41-2C7A-C1CB-6D92-8EFFCE5EF25F}.Release|Any CPU.ActiveCfg = Release|Any CPU
		{FFAD9D41-2C7A-C1CB-6D92-8EFFCE5EF25F}.Release|Any CPU.Build.0 = Release|Any CPU
		{0EF0BBC6-CF8E-7464-EFB0-0682AAFEF44F}.Debug|Any CPU.ActiveCfg = Debug|Any CPU
		{0EF0BBC6-CF8E-7464-EFB0-0682AAFEF44F}.Debug|Any CPU.Build.0 = Debug|Any CPU
		{0EF0BBC6-CF8E-7464-EFB0-0682AAFEF44F}.Release|Any CPU.ActiveCfg = Release|Any CPU
		{0EF0BBC6-CF8E-7464-EFB0-0682AAFEF44F}.Release|Any CPU.Build.0 = Release|Any CPU
		{187CBDCA-0973-53B7-A31F-7D2832D3B1C6}.Debug|Any CPU.ActiveCfg = Debug|Any CPU
		{187CBDCA-0973-53B7-A31F-7D2832D3B1C6}.Debug|Any CPU.Build.0 = Debug|Any CPU
		{187CBDCA-0973-53B7-A31F-7D2832D3B1C6}.Release|Any CPU.ActiveCfg = Release|Any CPU
		{187CBDCA-0973-53B7-A31F-7D2832D3B1C6}.Release|Any CPU.Build.0 = Release|Any CPU
	EndGlobalSection
	GlobalSection(SolutionProperties) = preSolution
		HideSolutionNode = FALSE
	EndGlobalSection
	GlobalSection(ExtensibilityGlobals) = postSolution
		SolutionGuid = {EFBE6CA2-1506-459E-BE38-67F4D6FA8355}
	EndGlobalSection
EndGlobal
